
Microsoft Visual Studio Solution File, Format Version 12.00
# Visual Studio Version 16
VisualStudioVersion = 16.0.29519.87
MinimumVisualStudioVersion = 10.0.40219.1
Project("{FAE04EC0-301F-11D3-BF4B-00C04F79EFBC}") = "Cache", "Cache\Cache.csproj", "{1190C97C-63E1-486A-89D3-D247DB0351B0}"
EndProject
Project("{FAE04EC0-301F-11D3-BF4B-00C04F79EFBC}") = "CacheTests", "CacheTests\CacheTests.csproj", "{E6AC3E3E-E9C7-45DA-821A-7AA1B9231347}"
EndProject
Global
	GlobalSection(SolutionConfigurationPlatforms) = preSolution
		Debug|Any CPU = Debug|Any CPU
		Release|Any CPU = Release|Any CPU
	EndGlobalSection
	GlobalSection(ProjectConfigurationPlatforms) = postSolution
		{1190C97C-63E1-486A-89D3-D247DB0351B0}.Debug|Any CPU.ActiveCfg = Debug|Any CPU
		{1190C97C-63E1-486A-89D3-D247DB0351B0}.Debug|Any CPU.Build.0 = Debug|Any CPU
		{1190C97C-63E1-486A-89D3-D247DB0351B0}.Release|Any CPU.ActiveCfg = Release|Any CPU
		{1190C97C-63E1-486A-89D3-D247DB0351B0}.Release|Any CPU.Build.0 = Release|Any CPU
		{E6AC3E3E-E9C7-45DA-821A-7AA1B9231347}.Debug|Any CPU.ActiveCfg = Debug|Any CPU
		{E6AC3E3E-E9C7-45DA-821A-7AA1B9231347}.Debug|Any CPU.Build.0 = Debug|Any CPU
		{E6AC3E3E-E9C7-45DA-821A-7AA1B9231347}.Release|Any CPU.ActiveCfg = Release|Any CPU
		{E6AC3E3E-E9C7-45DA-821A-7AA1B9231347}.Release|Any CPU.Build.0 = Release|Any CPU
	EndGlobalSection
	GlobalSection(SolutionProperties) = preSolution
		HideSolutionNode = FALSE
	EndGlobalSection
	GlobalSection(ExtensibilityGlobals) = postSolution
		SolutionGuid = {4C7983E4-7DB4-406B-B3D7-FBA5C1BAD043}
	EndGlobalSection
EndGlobal
